
Microsoft Visual Studio Solution File, Format Version 12.00
# Visual Studio 2012
Project("{FAE04EC0-301F-11D3-BF4B-00C04F79EFBC}") = "PresIt.Service", "PresIt.Service\PresIt.Service.csproj", "{15B3E0D2-6217-493A-A690-158C497F5318}"
EndProject
Project("{FAE04EC0-301F-11D3-BF4B-00C04F79EFBC}") = "PresIt.Android", "PresIt.Android\PresIt.Android.csproj", "{2B23AEAE-4C28-43FA-99EA-E9D1F09AD09A}"
EndProject
Project("{FAE04EC0-301F-11D3-BF4B-00C04F79EFBC}") = "PresIt.Windows", "PresIt.Windows\PresIt.Windows.csproj", "{9C4D3307-3507-43E1-9F34-A2B25E18EB8B}"
EndProject
Project("{FAE04EC0-301F-11D3-BF4B-00C04F79EFBC}") = "PresIt.Data", "PresIt.Data\PresIt.Data.csproj", "{ED565B3B-9078-485B-8020-169C15AA0740}"
EndProject
Project("{FAE04EC0-301F-11D3-BF4B-00C04F79EFBC}") = "PresIt.Server", "PresIt.Server\PresIt.Server.csproj", "{2D6AE864-8C47-4ACD-A173-9FEF441A2F78}"
EndProject
Global
	GlobalSection(SolutionConfigurationPlatforms) = preSolution
		CD_ROM|Any CPU = CD_ROM|Any CPU
		Debug|Any CPU = Debug|Any CPU
		DVD-5|Any CPU = DVD-5|Any CPU
		Release|Any CPU = Release|Any CPU
		SingleImage|Any CPU = SingleImage|Any CPU
	EndGlobalSection
	GlobalSection(ProjectConfigurationPlatforms) = postSolution
		{15B3E0D2-6217-493A-A690-158C497F5318}.CD_ROM|Any CPU.ActiveCfg = Release|Any CPU
		{15B3E0D2-6217-493A-A690-158C497F5318}.CD_ROM|Any CPU.Build.0 = Release|Any CPU
		{15B3E0D2-6217-493A-A690-158C497F5318}.Debug|Any CPU.ActiveCfg = Debug|Any CPU
		{15B3E0D2-6217-493A-A690-158C497F5318}.Debug|Any CPU.Build.0 = Debug|Any CPU
		{15B3E0D2-6217-493A-A690-158C497F5318}.DVD-5|Any CPU.ActiveCfg = Debug|Any CPU
		{15B3E0D2-6217-493A-A690-158C497F5318}.DVD-5|Any CPU.Build.0 = Debug|Any CPU
		{15B3E0D2-6217-493A-A690-158C497F5318}.Release|Any CPU.ActiveCfg = Release|Any CPU
		{15B3E0D2-6217-493A-A690-158C497F5318}.Release|Any CPU.Build.0 = Release|Any CPU
		{15B3E0D2-6217-493A-A690-158C497F5318}.SingleImage|Any CPU.ActiveCfg = Release|Any CPU
		{15B3E0D2-6217-493A-A690-158C497F5318}.SingleImage|Any CPU.Build.0 = Release|Any CPU
		{2B23AEAE-4C28-43FA-99EA-E9D1F09AD09A}.CD_ROM|Any CPU.ActiveCfg = Release|Any CPU
		{2B23AEAE-4C28-43FA-99EA-E9D1F09AD09A}.CD_ROM|Any CPU.Build.0 = Release|Any CPU
		{2B23AEAE-4C28-43FA-99EA-E9D1F09AD09A}.CD_ROM|Any CPU.Deploy.0 = Release|Any CPU
		{2B23AEAE-4C28-43FA-99EA-E9D1F09AD09A}.Debug|Any CPU.ActiveCfg = Debug|Any CPU
		{2B23AEAE-4C28-43FA-99EA-E9D1F09AD09A}.Debug|Any CPU.Build.0 = Debug|Any CPU
		{2B23AEAE-4C28-43FA-99EA-E9D1F09AD09A}.Debug|Any CPU.Deploy.0 = Debug|Any CPU
		{2B23AEAE-4C28-43FA-99EA-E9D1F09AD09A}.DVD-5|Any CPU.ActiveCfg = Debug|Any CPU
		{2B23AEAE-4C28-43FA-99EA-E9D1F09AD09A}.DVD-5|Any CPU.Build.0 = Debug|Any CPU
		{2B23AEAE-4C28-43FA-99EA-E9D1F09AD09A}.DVD-5|Any CPU.Deploy.0 = Debug|Any CPU
		{2B23AEAE-4C28-43FA-99EA-E9D1F09AD09A}.Release|Any CPU.ActiveCfg = Release|Any CPU
		{2B23AEAE-4C28-43FA-99EA-E9D1F09AD09A}.Release|Any CPU.Build.0 = Release|Any CPU
		{2B23AEAE-4C28-43FA-99EA-E9D1F09AD09A}.Release|Any CPU.Deploy.0 = Release|Any CPU
		{2B23AEAE-4C28-43FA-99EA-E9D1F09AD09A}.SingleImage|Any CPU.ActiveCfg = Release|Any CPU
		{2B23AEAE-4C28-43FA-99EA-E9D1F09AD09A}.SingleImage|Any CPU.Build.0 = Release|Any CPU
		{2B23AEAE-4C28-43FA-99EA-E9D1F09AD09A}.SingleImage|Any CPU.Deploy.0 = Release|Any CPU
		{9C4D3307-3507-43E1-9F34-A2B25E18EB8B}.CD_ROM|Any CPU.ActiveCfg = Release|Any CPU
		{9C4D3307-3507-43E1-9F34-A2B25E18EB8B}.CD_ROM|Any CPU.Build.0 = Release|Any CPU
		{9C4D3307-3507-43E1-9F34-A2B25E18EB8B}.Debug|Any CPU.ActiveCfg = Debug|Any CPU
		{9C4D3307-3507-43E1-9F34-A2B25E18EB8B}.Debug|Any CPU.Build.0 = Debug|Any CPU
		{9C4D3307-3507-43E1-9F34-A2B25E18EB8B}.DVD-5|Any CPU.ActiveCfg = Debug|Any CPU
		{9C4D3307-3507-43E1-9F34-A2B25E18EB8B}.DVD-5|Any CPU.Build.0 = Debug|Any CPU
		{9C4D3307-3507-43E1-9F34-A2B25E18EB8B}.Release|Any CPU.ActiveCfg = Release|Any CPU
		{9C4D3307-3507-43E1-9F34-A2B25E18EB8B}.Release|Any CPU.Build.0 = Release|Any CPU
		{9C4D3307-3507-43E1-9F34-A2B25E18EB8B}.SingleImage|Any CPU.ActiveCfg = Release|Any CPU
		{9C4D3307-3507-43E1-9F34-A2B25E18EB8B}.SingleImage|Any CPU.Build.0 = Release|Any CPU
		{ED565B3B-9078-485B-8020-169C15AA0740}.CD_ROM|Any CPU.ActiveCfg = Release|Any CPU
		{ED565B3B-9078-485B-8020-169C15AA0740}.CD_ROM|Any CPU.Build.0 = Release|Any CPU
		{ED565B3B-9078-485B-8020-169C15AA0740}.Debug|Any CPU.ActiveCfg = Debug|Any CPU
		{ED565B3B-9078-485B-8020-169C15AA0740}.Debug|Any CPU.Build.0 = Debug|Any CPU
		{ED565B3B-9078-485B-8020-169C15AA0740}.DVD-5|Any CPU.ActiveCfg = Debug|Any CPU
		{ED565B3B-9078-485B-8020-169C15AA0740}.DVD-5|Any CPU.Build.0 = Debug|Any CPU
		{ED565B3B-9078-485B-8020-169C15AA0740}.Release|Any CPU.ActiveCfg = Release|Any CPU
		{ED565B3B-9078-485B-8020-169C15AA0740}.Release|Any CPU.Build.0 = Release|Any CPU
		{ED565B3B-9078-485B-8020-169C15AA0740}.SingleImage|Any CPU.ActiveCfg = Release|Any CPU
		{ED565B3B-9078-485B-8020-169C15AA0740}.SingleImage|Any CPU.Build.0 = Release|Any CPU
		{2D6AE864-8C47-4ACD-A173-9FEF441A2F78}.CD_ROM|Any CPU.ActiveCfg = Release|Any CPU
		{2D6AE864-8C47-4ACD-A173-9FEF441A2F78}.CD_ROM|Any CPU.Build.0 = Release|Any CPU
		{2D6AE864-8C47-4ACD-A173-9FEF441A2F78}.Debug|Any CPU.ActiveCfg = Debug|Any CPU
		{2D6AE864-8C47-4ACD-A173-9FEF441A2F78}.Debug|Any CPU.Build.0 = Debug|Any CPU
		{2D6AE864-8C47-4ACD-A173-9FEF441A2F78}.DVD-5|Any CPU.ActiveCfg = Debug|Any CPU
		{2D6AE864-8C47-4ACD-A173-9FEF441A2F78}.DVD-5|Any CPU.Build.0 = Debug|Any CPU
		{2D6AE864-8C47-4ACD-A173-9FEF441A2F78}.Release|Any CPU.ActiveCfg = Release|Any CPU
		{2D6AE864-8C47-4ACD-A173-9FEF441A2F78}.Release|Any CPU.Build.0 = Release|Any CPU
		{2D6AE864-8C47-4ACD-A173-9FEF441A2F78}.SingleImage|Any CPU.ActiveCfg = Release|Any CPU
		{2D6AE864-8C47-4ACD-A173-9FEF441A2F78}.SingleImage|Any CPU.Build.0 = Release|Any CPU
	EndGlobalSection
	GlobalSection(SolutionProperties) = preSolution
		HideSolutionNode = FALSE
	EndGlobalSection
EndGlobal
